
Microsoft Visual Studio Solution File, Format Version 12.00
# Visual Studio Version 17
VisualStudioVersion = 17.13.35931.197
MinimumVisualStudioVersion = 10.0.40219.1
Project("{FAE04EC0-301F-11D3-BF4B-00C04F79EFBC}") = "BudgetBuddy.App", "BudgetBuddy.App\BudgetBuddy.App.csproj", "{B33CE1C9-06D1-4A00-850A-FF88DA2137EA}"
EndProject
Project("{FAE04EC0-301F-11D3-BF4B-00C04F79EFBC}") = "BudgetBuddy.Database", "BudgetBuddy.Database\BudgetBuddy.Database.csproj", "{FDF732EF-41E3-4CAA-A9D4-3E2627A8435A}"
EndProject
Project("{FAE04EC0-301F-11D3-BF4B-00C04F79EFBC}") = "BudgetBuddy.Application", "BudgetBuddy.Application\BudgetBuddy.Application.csproj", "{E65A1A48-1607-4DDB-B7A5-C3159F26DD08}"
EndProject
Project("{FAE04EC0-301F-11D3-BF4B-00C04F79EFBC}") = "BudgetBuddy.Infrastructure", "BudgetBuddy.Infrastructure\BudgetBuddy.Infrastructure.csproj", "{46FD9588-8FD8-4204-A78B-C11E3489807D}"
EndProject
Global
	GlobalSection(SolutionConfigurationPlatforms) = preSolution
		Debug|Any CPU = Debug|Any CPU
		Release|Any CPU = Release|Any CPU
	EndGlobalSection
	GlobalSection(ProjectConfigurationPlatforms) = postSolution
		{B33CE1C9-06D1-4A00-850A-FF88DA2137EA}.Debug|Any CPU.ActiveCfg = Debug|Any CPU
		{B33CE1C9-06D1-4A00-850A-FF88DA2137EA}.Debug|Any CPU.Build.0 = Debug|Any CPU
		{B33CE1C9-06D1-4A00-850A-FF88DA2137EA}.Release|Any CPU.ActiveCfg = Release|Any CPU
		{B33CE1C9-06D1-4A00-850A-FF88DA2137EA}.Release|Any CPU.Build.0 = Release|Any CPU
		{FDF732EF-41E3-4CAA-A9D4-3E2627A8435A}.Debug|Any CPU.ActiveCfg = Debug|Any CPU
		{FDF732EF-41E3-4CAA-A9D4-3E2627A8435A}.Debug|Any CPU.Build.0 = Debug|Any CPU
		{FDF732EF-41E3-4CAA-A9D4-3E2627A8435A}.Release|Any CPU.ActiveCfg = Release|Any CPU
		{FDF732EF-41E3-4CAA-A9D4-3E2627A8435A}.Release|Any CPU.Build.0 = Release|Any CPU
		{E65A1A48-1607-4DDB-B7A5-C3159F26DD08}.Debug|Any CPU.ActiveCfg = Debug|Any CPU
		{E65A1A48-1607-4DDB-B7A5-C3159F26DD08}.Debug|Any CPU.Build.0 = Debug|Any CPU
		{E65A1A48-1607-4DDB-B7A5-C3159F26DD08}.Release|Any CPU.ActiveCfg = Release|Any CPU
		{E65A1A48-1607-4DDB-B7A5-C3159F26DD08}.Release|Any CPU.Build.0 = Release|Any CPU
		{46FD9588-8FD8-4204-A78B-C11E3489807D}.Debug|Any CPU.ActiveCfg = Debug|Any CPU
		{46FD9588-8FD8-4204-A78B-C11E3489807D}.Debug|Any CPU.Build.0 = Debug|Any CPU
		{46FD9588-8FD8-4204-A78B-C11E3489807D}.Release|Any CPU.ActiveCfg = Release|Any CPU
		{46FD9588-8FD8-4204-A78B-C11E3489807D}.Release|Any CPU.Build.0 = Release|Any CPU
	EndGlobalSection
	GlobalSection(SolutionProperties) = preSolution
		HideSolutionNode = FALSE
	EndGlobalSection
	GlobalSection(ExtensibilityGlobals) = postSolution
		SolutionGuid = {EE7B568B-24BE-43F0-A0F5-2FDD2F880CEE}
	EndGlobalSection
EndGlobal
